
Microsoft Visual Studio Solution File, Format Version 12.00
# Visual Studio Version 17
VisualStudioVersion = 17.11.35303.130
MinimumVisualStudioVersion = 10.0.40219.1
Project("{FAE04EC0-301F-11D3-BF4B-00C04F79EFBC}") = "Tyuiu.KorotkovNS.Sprint3.Task6.V7", "Tyuiu.KorotkovNS.Sprint3.Task6.V7\Tyuiu.KorotkovNS.Sprint3.Task6.V7.csproj", "{B9B40E19-D8F7-41D3-B2FC-B670E7A2F2F7}"
EndProject
Project("{2150E333-8FDC-42A3-9474-1A3956D46DE8}") = "Task6", "Task6", "{C09DEDAD-9F63-40E0-89F8-FB6AB6DFC360}"
EndProject
Project("{FAE04EC0-301F-11D3-BF4B-00C04F79EFBC}") = "Tyuiu.KorotkovNS.Sprint3.Task6.V7.Lib", "Tyuiu.KorotkovNS.Sprint3.Task6.V7.Lib\Tyuiu.KorotkovNS.Sprint3.Task6.V7.Lib.csproj", "{E6EEAED0-D973-4181-BBA1-A35246D90C91}"
EndProject
Project("{FAE04EC0-301F-11D3-BF4B-00C04F79EFBC}") = "Tyuiu.KorotkovNS.Sprint3.Task6.V7.Test", "Tyuiu.KorotkovNS.Sprint3.Task6.V7.Test\Tyuiu.KorotkovNS.Sprint3.Task6.V7.Test.csproj", "{0A4038C6-1504-4D93-9023-F0D07D341604}"
EndProject
Project("{2150E333-8FDC-42A3-9474-1A3956D46DE8}") = "Task7", "Task7", "{36166422-1AC3-4803-8BFB-C4C193AD1E96}"
EndProject
Project("{FAE04EC0-301F-11D3-BF4B-00C04F79EFBC}") = "Tyuiu.KorotkovNS.Sprint3.Task7.V1", "Tyuiu.KorotkovNS.Sprint3.Task7.V1\Tyuiu.KorotkovNS.Sprint3.Task7.V1.csproj", "{5C2E20EE-F4E8-40E2-8639-3136ABF3C68E}"
EndProject
Project("{FAE04EC0-301F-11D3-BF4B-00C04F79EFBC}") = "Tyuiu.KorotkovNS.Sprint3.Task7.V1.Lib", "Tyuiu.KorotkovNS.Sprint3.Task7.V1.Lib\Tyuiu.KorotkovNS.Sprint3.Task7.V1.Lib.csproj", "{3341DA87-155A-44AD-95E1-6B15F679B451}"
EndProject
Project("{FAE04EC0-301F-11D3-BF4B-00C04F79EFBC}") = "Tyuiu.KorotkovNS.Sprint3.Task7.V1.Test", "Tyuiu.KorotkovNS.Sprint3.Task7.V1.Test\Tyuiu.KorotkovNS.Sprint3.Task7.V1.Test.csproj", "{0A34F353-F2E4-4629-84BC-67F06ECE76BF}"
EndProject
Global
	GlobalSection(SolutionConfigurationPlatforms) = preSolution
		Debug|Any CPU = Debug|Any CPU
		Release|Any CPU = Release|Any CPU
	EndGlobalSection
	GlobalSection(ProjectConfigurationPlatforms) = postSolution
		{B9B40E19-D8F7-41D3-B2FC-B670E7A2F2F7}.Debug|Any CPU.ActiveCfg = Debug|Any CPU
		{B9B40E19-D8F7-41D3-B2FC-B670E7A2F2F7}.Debug|Any CPU.Build.0 = Debug|Any CPU
		{B9B40E19-D8F7-41D3-B2FC-B670E7A2F2F7}.Release|Any CPU.ActiveCfg = Release|Any CPU
		{B9B40E19-D8F7-41D3-B2FC-B670E7A2F2F7}.Release|Any CPU.Build.0 = Release|Any CPU
		{E6EEAED0-D973-4181-BBA1-A35246D90C91}.Debug|Any CPU.ActiveCfg = Debug|Any CPU
		{E6EEAED0-D973-4181-BBA1-A35246D90C91}.Debug|Any CPU.Build.0 = Debug|Any CPU
		{E6EEAED0-D973-4181-BBA1-A35246D90C91}.Release|Any CPU.ActiveCfg = Release|Any CPU
		{E6EEAED0-D973-4181-BBA1-A35246D90C91}.Release|Any CPU.Build.0 = Release|Any CPU
		{0A4038C6-1504-4D93-9023-F0D07D341604}.Debug|Any CPU.ActiveCfg = Debug|Any CPU
		{0A4038C6-1504-4D93-9023-F0D07D341604}.Debug|Any CPU.Build.0 = Debug|Any CPU
		{0A4038C6-1504-4D93-9023-F0D07D341604}.Release|Any CPU.ActiveCfg = Release|Any CPU
		{0A4038C6-1504-4D93-9023-F0D07D341604}.Release|Any CPU.Build.0 = Release|Any CPU
		{5C2E20EE-F4E8-40E2-8639-3136ABF3C68E}.Debug|Any CPU.ActiveCfg = Debug|Any CPU
		{5C2E20EE-F4E8-40E2-8639-3136ABF3C68E}.Debug|Any CPU.Build.0 = Debug|Any CPU
		{5C2E20EE-F4E8-40E2-8639-3136ABF3C68E}.Release|Any CPU.ActiveCfg = Release|Any CPU
		{5C2E20EE-F4E8-40E2-8639-3136ABF3C68E}.Release|Any CPU.Build.0 = Release|Any CPU
		{3341DA87-155A-44AD-95E1-6B15F679B451}.Debug|Any CPU.ActiveCfg = Debug|Any CPU
		{3341DA87-155A-44AD-95E1-6B15F679B451}.Debug|Any CPU.Build.0 = Debug|Any CPU
		{3341DA87-155A-44AD-95E1-6B15F679B451}.Release|Any CPU.ActiveCfg = Release|Any CPU
		{3341DA87-155A-44AD-95E1-6B15F679B451}.Release|Any CPU.Build.0 = Release|Any CPU
		{0A34F353-F2E4-4629-84BC-67F06ECE76BF}.Debug|Any CPU.ActiveCfg = Debug|Any CPU
		{0A34F353-F2E4-4629-84BC-67F06ECE76BF}.Debug|Any CPU.Build.0 = Debug|Any CPU
		{0A34F353-F2E4-4629-84BC-67F06ECE76BF}.Release|Any CPU.ActiveCfg = Release|Any CPU
		{0A34F353-F2E4-4629-84BC-67F06ECE76BF}.Release|Any CPU.Build.0 = Release|Any CPU
	EndGlobalSection
	GlobalSection(SolutionProperties) = preSolution
		HideSolutionNode = FALSE
	EndGlobalSection
	GlobalSection(NestedProjects) = preSolution
		{B9B40E19-D8F7-41D3-B2FC-B670E7A2F2F7} = {C09DEDAD-9F63-40E0-89F8-FB6AB6DFC360}
		{E6EEAED0-D973-4181-BBA1-A35246D90C91} = {C09DEDAD-9F63-40E0-89F8-FB6AB6DFC360}
		{0A4038C6-1504-4D93-9023-F0D07D341604} = {C09DEDAD-9F63-40E0-89F8-FB6AB6DFC360}
		{5C2E20EE-F4E8-40E2-8639-3136ABF3C68E} = {36166422-1AC3-4803-8BFB-C4C193AD1E96}
		{3341DA87-155A-44AD-95E1-6B15F679B451} = {36166422-1AC3-4803-8BFB-C4C193AD1E96}
		{0A34F353-F2E4-4629-84BC-67F06ECE76BF} = {36166422-1AC3-4803-8BFB-C4C193AD1E96}
	EndGlobalSection
	GlobalSection(ExtensibilityGlobals) = postSolution
		SolutionGuid = {FC7B8E37-42EE-4739-9300-74D40D9A4091}
	EndGlobalSection
EndGlobal
